// !$*UTF8*$!
{
	archiveVersion = 1;
	classes = {
	};
	objectVersion = 56;
	objects = {

/* Begin PBXBuildFile section */
		319E212E2A21C3710010BEFD /* SwiftUI_Combine_TMDB_API_ExampleApp.swift in Sources */ = {isa = PBXBuildFile; fileRef = 319E212D2A21C3710010BEFD /* SwiftUI_Combine_TMDB_API_ExampleApp.swift */; };
		319E21302A21C3710010BEFD /* ContentView.swift in Sources */ = {isa = PBXBuildFile; fileRef = 319E212F2A21C3710010BEFD /* ContentView.swift */; };
		319E21322A21C3720010BEFD /* Assets.xcassets in Resources */ = {isa = PBXBuildFile; fileRef = 319E21312A21C3720010BEFD /* Assets.xcassets */; };
		319E21352A21C3720010BEFD /* Preview Assets.xcassets in Resources */ = {isa = PBXBuildFile; fileRef = 319E21342A21C3720010BEFD /* Preview Assets.xcassets */; };
		319E213D2A21C6DA0010BEFD /* Model.swift in Sources */ = {isa = PBXBuildFile; fileRef = 319E213C2A21C6DA0010BEFD /* Model.swift */; };
		319E21402A21C8220010BEFD /* ViewModel.swift in Sources */ = {isa = PBXBuildFile; fileRef = 319E213F2A21C8220010BEFD /* ViewModel.swift */; };
		319E21432A21C8740010BEFD /* APIClient.swift in Sources */ = {isa = PBXBuildFile; fileRef = 319E21422A21C8740010BEFD /* APIClient.swift */; };
		319E21462A21CD210010BEFD /* SearchUserBarView.swift in Sources */ = {isa = PBXBuildFile; fileRef = 319E21452A21CD210010BEFD /* SearchUserBarView.swift */; };
		319E21482A21E4E70010BEFD /* SearchMovieRowView.swift in Sources */ = {isa = PBXBuildFile; fileRef = 319E21472A21E4E70010BEFD /* SearchMovieRowView.swift */; };
		319E214A2A21E7BA0010BEFD /* ErrorView.swift in Sources */ = {isa = PBXBuildFile; fileRef = 319E21492A21E7BA0010BEFD /* ErrorView.swift */; };
/* End PBXBuildFile section */

/* Begin PBXFileReference section */
		319E212A2A21C3710010BEFD /* SwiftUI_Combine_TMDB_API_Example.app */ = {isa = PBXFileReference; explicitFileType = wrapper.application; includeInIndex = 0; path = SwiftUI_Combine_TMDB_API_Example.app; sourceTree = BUILT_PRODUCTS_DIR; };
		319E212D2A21C3710010BEFD /* SwiftUI_Combine_TMDB_API_ExampleApp.swift */ = {isa = PBXFileReference; lastKnownFileType = sourcecode.swift; path = SwiftUI_Combine_TMDB_API_ExampleApp.swift; sourceTree = "<group>"; };
		319E212F2A21C3710010BEFD /* ContentView.swift */ = {isa = PBXFileReference; lastKnownFileType = sourcecode.swift; path = ContentView.swift; sourceTree = "<group>"; };
		319E21312A21C3720010BEFD /* Assets.xcassets */ = {isa = PBXFileReference; lastKnownFileType = folder.assetcatalog; path = Assets.xcassets; sourceTree = "<group>"; };
		319E21342A21C3720010BEFD /* Preview Assets.xcassets */ = {isa = PBXFileReference; lastKnownFileType = folder.assetcatalog; path = "Preview Assets.xcassets"; sourceTree = "<group>"; };
		319E213C2A21C6DA0010BEFD /* Model.swift */ = {isa = PBXFileReference; lastKnownFileType = sourcecode.swift; path = Model.swift; sourceTree = "<group>"; };
		319E213F2A21C8220010BEFD /* ViewModel.swift */ = {isa = PBXFileReference; lastKnownFileType = sourcecode.swift; path = ViewModel.swift; sourceTree = "<group>"; };
		319E21422A21C8740010BEFD /* APIClient.swift */ = {isa = PBXFileReference; lastKnownFileType = sourcecode.swift; path = APIClient.swift; sourceTree = "<group>"; };
		319E21452A21CD210010BEFD /* SearchUserBarView.swift */ = {isa = PBXFileReference; lastKnownFileType = sourcecode.swift; path = SearchUserBarView.swift; sourceTree = "<group>"; };
		319E21472A21E4E70010BEFD /* SearchMovieRowView.swift */ = {isa = PBXFileReference; lastKnownFileType = sourcecode.swift; path = SearchMovieRowView.swift; sourceTree = "<group>"; };
		319E21492A21E7BA0010BEFD /* ErrorView.swift */ = {isa = PBXFileReference; lastKnownFileType = sourcecode.swift; path = ErrorView.swift; sourceTree = "<group>"; };
/* End PBXFileReference section */

/* Begin PBXFrameworksBuildPhase section */
		319E21272A21C3710010BEFD /* Frameworks */ = {
			isa = PBXFrameworksBuildPhase;
			buildActionMask = 2147483647;
			files = (
			);
			runOnlyForDeploymentPostprocessing = 0;
		};
/* End PBXFrameworksBuildPhase section */

/* Begin PBXGroup section */
		319E21212A21C3710010BEFD = {
			isa = PBXGroup;
			children = (
				319E212C2A21C3710010BEFD /* SwiftUI_Combine_TMDB_API_Example */,
				319E212B2A21C3710010BEFD /* Products */,
			);
			sourceTree = "<group>";
		};
		319E212B2A21C3710010BEFD /* Products */ = {
			isa = PBXGroup;
			children = (
				319E212A2A21C3710010BEFD /* SwiftUI_Combine_TMDB_API_Example.app */,
			);
			name = Products;
			sourceTree = "<group>";
		};
		319E212C2A21C3710010BEFD /* SwiftUI_Combine_TMDB_API_Example */ = {
			isa = PBXGroup;
			children = (
				319E21412A21C8640010BEFD /* Util */,
				319E213E2A21C80B0010BEFD /* ViewModel */,
				319E213B2A21C6D10010BEFD /* Model */,
				319E21442A21CC160010BEFD /* View */,
				319E212D2A21C3710010BEFD /* SwiftUI_Combine_TMDB_API_ExampleApp.swift */,
				319E212F2A21C3710010BEFD /* ContentView.swift */,
				319E21312A21C3720010BEFD /* Assets.xcassets */,
				319E21332A21C3720010BEFD /* Preview Content */,
			);
			path = SwiftUI_Combine_TMDB_API_Example;
			sourceTree = "<group>";
		};
		319E21332A21C3720010BEFD /* Preview Content */ = {
			isa = PBXGroup;
			children = (
				319E21342A21C3720010BEFD /* Preview Assets.xcassets */,
			);
			path = "Preview Content";
			sourceTree = "<group>";
		};
		319E213B2A21C6D10010BEFD /* Model */ = {
			isa = PBXGroup;
			children = (
				319E213C2A21C6DA0010BEFD /* Model.swift */,
			);
			path = Model;
			sourceTree = "<group>";
		};
		319E213E2A21C80B0010BEFD /* ViewModel */ = {
			isa = PBXGroup;
			children = (
				319E213F2A21C8220010BEFD /* ViewModel.swift */,
			);
			path = ViewModel;
			sourceTree = "<group>";
		};
		319E21412A21C8640010BEFD /* Util */ = {
			isa = PBXGroup;
			children = (
				319E21422A21C8740010BEFD /* APIClient.swift */,
			);
			path = Util;
			sourceTree = "<group>";
		};
		319E21442A21CC160010BEFD /* View */ = {
			isa = PBXGroup;
			children = (
				319E21452A21CD210010BEFD /* SearchUserBarView.swift */,
				319E21472A21E4E70010BEFD /* SearchMovieRowView.swift */,
				319E21492A21E7BA0010BEFD /* ErrorView.swift */,
			);
			path = View;
			sourceTree = "<group>";
		};
/* End PBXGroup section */

/* Begin PBXNativeTarget section */
		319E21292A21C3710010BEFD /* SwiftUI_Combine_TMDB_API_Example */ = {
			isa = PBXNativeTarget;
			buildConfigurationList = 319E21382A21C3720010BEFD /* Build configuration list for PBXNativeTarget "SwiftUI_Combine_TMDB_API_Example" */;
			buildPhases = (
				319E21262A21C3710010BEFD /* Sources */,
				319E21272A21C3710010BEFD /* Frameworks */,
				319E21282A21C3710010BEFD /* Resources */,
			);
			buildRules = (
			);
			dependencies = (
			);
			name = SwiftUI_Combine_TMDB_API_Example;
			productName = SwiftUI_Combine_TMDB_API_Example;
			productReference = 319E212A2A21C3710010BEFD /* SwiftUI_Combine_TMDB_API_Example.app */;
			productType = "com.apple.product-type.application";
		};
/* End PBXNativeTarget section */

/* Begin PBXProject section */
		319E21222A21C3710010BEFD /* Project object */ = {
			isa = PBXProject;
			attributes = {
				BuildIndependentTargetsInParallel = 1;
				LastSwiftUpdateCheck = 1430;
				LastUpgradeCheck = 1430;
				TargetAttributes = {
					319E21292A21C3710010BEFD = {
						CreatedOnToolsVersion = 14.3;
					};
				};
			};
			buildConfigurationList = 319E21252A21C3710010BEFD /* Build configuration list for PBXProject "SwiftUI_Combine_TMDB_API_Example" */;
			compatibilityVersion = "Xcode 14.0";
			developmentRegion = en;
			hasScannedForEncodings = 0;
			knownRegions = (
				en,
				Base,
			);
			mainGroup = 319E21212A21C3710010BEFD;
			productRefGroup = 319E212B2A21C3710010BEFD /* Products */;
			projectDirPath = "";
			projectRoot = "";
			targets = (
				319E21292A21C3710010BEFD /* SwiftUI_Combine_TMDB_API_Example */,
			);
		};
/* End PBXProject section */

/* Begin PBXResourcesBuildPhase section */
		319E21282A21C3710010BEFD /* Resources */ = {
			isa = PBXResourcesBuildPhase;
			buildActionMask = 2147483647;
			files = (
				319E21352A21C3720010BEFD /* Preview Assets.xcassets in Resources */,
				319E21322A21C3720010BEFD /* Assets.xcassets in Resources */,
			);
			runOnlyForDeploymentPostprocessing = 0;
		};
/* End PBXResourcesBuildPhase section */

/* Begin PBXSourcesBuildPhase section */
		319E21262A21C3710010BEFD /* Sources */ = {
			isa = PBXSourcesBuildPhase;
			buildActionMask = 2147483647;
			files = (
				319E213D2A21C6DA0010BEFD /* Model.swift in Sources */,
				319E21302A21C3710010BEFD /* ContentView.swift in Sources */,
				319E21402A21C8220010BEFD /* ViewModel.swift in Sources */,
				319E21432A21C8740010BEFD /* APIClient.swift in Sources */,
				319E212E2A21C3710010BEFD /* SwiftUI_Combine_TMDB_API_ExampleApp.swift in Sources */,
				319E21462A21CD210010BEFD /* SearchUserBarView.swift in Sources */,
				319E21482A21E4E70010BEFD /* SearchMovieRowView.swift in Sources */,
				319E214A2A21E7BA0010BEFD /* ErrorView.swift in Sources */,
			);
			runOnlyForDeploymentPostprocessing = 0;
		};
/* End PBXSourcesBuildPhase section */

/* Begin XCBuildConfiguration section */
		319E21362A21C3720010BEFD /* Debug */ = {
			isa = XCBuildConfiguration;
			buildSettings = {
				ALWAYS_SEARCH_USER_PATHS = NO;
				CLANG_ANALYZER_NONNULL = YES;
				CLANG_ANALYZER_NUMBER_OBJECT_CONVERSION = YES_AGGRESSIVE;
				CLANG_CXX_LANGUAGE_STANDARD = "gnu++20";
				CLANG_ENABLE_MODULES = YES;
				CLANG_ENABLE_OBJC_ARC = YES;
				CLANG_ENABLE_OBJC_WEAK = YES;
				CLANG_WARN_BLOCK_CAPTURE_AUTORELEASING = YES;
				CLANG_WARN_BOOL_CONVERSION = YES;
				CLANG_WARN_COMMA = YES;
				CLANG_WARN_CONSTANT_CONVERSION = YES;
				CLANG_WARN_DEPRECATED_OBJC_IMPLEMENTATIONS = YES;
				CLANG_WARN_DIRECT_OBJC_ISA_USAGE = YES_ERROR;
				CLANG_WARN_DOCUMENTATION_COMMENTS = YES;
				CLANG_WARN_EMPTY_BODY = YES;
				CLANG_WARN_ENUM_CONVERSION = YES;
				CLANG_WARN_INFINITE_RECURSION = YES;
				CLANG_WARN_INT_CONVERSION = YES;
				CLANG_WARN_NON_LITERAL_NULL_CONVERSION = YES;
				CLANG_WARN_OBJC_IMPLICIT_RETAIN_SELF = YES;
				CLANG_WARN_OBJC_LITERAL_CONVERSION = YES;
				CLANG_WARN_OBJC_ROOT_CLASS = YES_ERROR;
				CLANG_WARN_QUOTED_INCLUDE_IN_FRAMEWORK_HEADER = YES;
				CLANG_WARN_RANGE_LOOP_ANALYSIS = YES;
				CLANG_WARN_STRICT_PROTOTYPES = YES;
				CLANG_WARN_SUSPICIOUS_MOVE = YES;
				CLANG_WARN_UNGUARDED_AVAILABILITY = YES_AGGRESSIVE;
				CLANG_WARN_UNREACHABLE_CODE = YES;
				CLANG_WARN__DUPLICATE_METHOD_MATCH = YES;
				COPY_PHASE_STRIP = NO;
				DEBUG_INFORMATION_FORMAT = dwarf;
				ENABLE_STRICT_OBJC_MSGSEND = YES;
				ENABLE_TESTABILITY = YES;
				GCC_C_LANGUAGE_STANDARD = gnu11;
				GCC_DYNAMIC_NO_PIC = NO;
				GCC_NO_COMMON_BLOCKS = YES;
				GCC_OPTIMIZATION_LEVEL = 0;
				GCC_PREPROCESSOR_DEFINITIONS = (
					"DEBUG=1",
					"$(inherited)",
				);
				GCC_WARN_64_TO_32_BIT_CONVERSION = YES;
				GCC_WARN_ABOUT_RETURN_TYPE = YES_ERROR;
				GCC_WARN_UNDECLARED_SELECTOR = YES;
				GCC_WARN_UNINITIALIZED_AUTOS = YES_AGGRESSIVE;
				GCC_WARN_UNUSED_FUNCTION = YES;
				GCC_WARN_UNUSED_VARIABLE = YES;
				IPHONEOS_DEPLOYMENT_TARGET = 16.4;
				MTL_ENABLE_DEBUG_INFO = INCLUDE_SOURCE;
				MTL_FAST_MATH = YES;
				ONLY_ACTIVE_ARCH = YES;
				SDKROOT = iphoneos;
				SWIFT_ACTIVE_COMPILATION_CONDITIONS = DEBUG;
				SWIFT_OPTIMIZATION_LEVEL = "-Onone";
			};
			name = Debug;
		};
		319E21372A21C3720010BEFD /* Release */ = {
			isa = XCBuildConfiguration;
			buildSettings = {
				ALWAYS_SEARCH_USER_PATHS = NO;
				CLANG_ANALYZER_NONNULL = YES;
				CLANG_ANALYZER_NUMBER_OBJECT_CONVERSION = YES_AGGRESSIVE;
				CLANG_CXX_LANGUAGE_STANDARD = "gnu++20";
				CLANG_ENABLE_MODULES = YES;
				CLANG_ENABLE_OBJC_ARC = YES;
				CLANG_ENABLE_OBJC_WEAK = YES;
				CLANG_WARN_BLOCK_CAPTURE_AUTORELEASING = YES;
				CLANG_WARN_BOOL_CONVERSION = YES;
				CLANG_WARN_COMMA = YES;
				CLANG_WARN_CONSTANT_CONVERSION = YES;
				CLANG_WARN_DEPRECATED_OBJC_IMPLEMENTATIONS = YES;
				CLANG_WARN_DIRECT_OBJC_ISA_USAGE = YES_ERROR;
				CLANG_WARN_DOCUMENTATION_COMMENTS = YES;
				CLANG_WARN_EMPTY_BODY = YES;
				CLANG_WARN_ENUM_CONVERSION = YES;
				CLANG_WARN_INFINITE_RECURSION = YES;
				CLANG_WARN_INT_CONVERSION = YES;
				CLANG_WARN_NON_LITERAL_NULL_CONVERSION = YES;
				CLANG_WARN_OBJC_IMPLICIT_RETAIN_SELF = YES;
				CLANG_WARN_OBJC_LITERAL_CONVERSION = YES;
				CLANG_WARN_OBJC_ROOT_CLASS = YES_ERROR;
				CLANG_WARN_QUOTED_INCLUDE_IN_FRAMEWORK_HEADER = YES;
				CLANG_WARN_RANGE_LOOP_ANALYSIS = YES;
				CLANG_WARN_STRICT_PROTOTYPES = YES;
				CLANG_WARN_SUSPICIOUS_MOVE = YES;
				CLANG_WARN_UNGUARDED_AVAILABILITY = YES_AGGRESSIVE;
				CLANG_WARN_UNREACHABLE_CODE = YES;
				CLANG_WARN__DUPLICATE_METHOD_MATCH = YES;
				COPY_PHASE_STRIP = NO;
				DEBUG_INFORMATION_FORMAT = "dwarf-with-dsym";
				ENABLE_NS_ASSERTIONS = NO;
				ENABLE_STRICT_OBJC_MSGSEND = YES;
				GCC_C_LANGUAGE_STANDARD = gnu11;
				GCC_NO_COMMON_BLOCKS = YES;
				GCC_WARN_64_TO_32_BIT_CONVERSION = YES;
				GCC_WARN_ABOUT_RETURN_TYPE = YES_ERROR;
				GCC_WARN_UNDECLARED_SELECTOR = YES;
				GCC_WARN_UNINITIALIZED_AUTOS = YES_AGGRESSIVE;
				GCC_WARN_UNUSED_FUNCTION = YES;
				GCC_WARN_UNUSED_VARIABLE = YES;
				IPHONEOS_DEPLOYMENT_TARGET = 16.4;
				MTL_ENABLE_DEBUG_INFO = NO;
				MTL_FAST_MATH = YES;
				SDKROOT = iphoneos;
				SWIFT_COMPILATION_MODE = wholemodule;
				SWIFT_OPTIMIZATION_LEVEL = "-O";
				VALIDATE_PRODUCT = YES;
			};
			name = Release;
		};
		319E21392A21C3720010BEFD /* Debug */ = {
			isa = XCBuildConfiguration;
			buildSettings = {
				ASSETCATALOG_COMPILER_APPICON_NAME = AppIcon;
				ASSETCATALOG_COMPILER_GLOBAL_ACCENT_COLOR_NAME = AccentColor;
				CODE_SIGN_STYLE = Automatic;
				CURRENT_PROJECT_VERSION = 1;
				DEVELOPMENT_ASSET_PATHS = "\"SwiftUI_Combine_TMDB_API_Example/Preview Content\"";
				ENABLE_PREVIEWS = YES;
				GENERATE_INFOPLIST_FILE = YES;
				INFOPLIST_KEY_UIApplicationSceneManifest_Generation = YES;
				INFOPLIST_KEY_UIApplicationSupportsIndirectInputEvents = YES;
				INFOPLIST_KEY_UILaunchScreen_Generation = YES;
				INFOPLIST_KEY_UISupportedInterfaceOrientations_iPad = "UIInterfaceOrientationPortrait UIInterfaceOrientationPortraitUpsideDown UIInterfaceOrientationLandscapeLeft UIInterfaceOrientationLandscapeRight";
				INFOPLIST_KEY_UISupportedInterfaceOrientations_iPhone = "UIInterfaceOrientationPortrait UIInterfaceOrientationLandscapeLeft UIInterfaceOrientationLandscapeRight";
				LD_RUNPATH_SEARCH_PATHS = (
					"$(inherited)",
					"@executable_path/Frameworks",
				);
				MARKETING_VERSION = 1.0;
				PRODUCT_BUNDLE_IDENTIFIER = "com.yourcompany.SwiftUI-Combine-TMDB-API-Example";
				PRODUCT_NAME = "$(TARGET_NAME)";
				SWIFT_EMIT_LOC_STRINGS = YES;
				SWIFT_VERSION = 5.0;
				TARGETED_DEVICE_FAMILY = "1,2";
			};
			name = Debug;
		};
		319E213A2A21C3720010BEFD /* Release */ = {
			isa = XCBuildConfiguration;
			buildSettings = {
				ASSETCATALOG_COMPILER_APPICON_NAME = AppIcon;
				ASSETCATALOG_COMPILER_GLOBAL_ACCENT_COLOR_NAME = AccentColor;
				CODE_SIGN_STYLE = Automatic;
				CURRENT_PROJECT_VERSION = 1;
				DEVELOPMENT_ASSET_PATHS = "\"SwiftUI_Combine_TMDB_API_Example/Preview Content\"";
				ENABLE_PREVIEWS = YES;
				GENERATE_INFOPLIST_FILE = YES;
				INFOPLIST_KEY_UIApplicationSceneManifest_Generation = YES;
				INFOPLIST_KEY_UIApplicationSupportsIndirectInputEvents = YES;
				INFOPLIST_KEY_UILaunchScreen_Generation = YES;
				INFOPLIST_KEY_UISupportedInterfaceOrientations_iPad = "UIInterfaceOrientationPortrait UIInterfaceOrientationPortraitUpsideDown UIInterfaceOrientationLandscapeLeft UIInterfaceOrientationLandscapeRight";
				INFOPLIST_KEY_UISupportedInterfaceOrientations_iPhone = "UIInterfaceOrientationPortrait UIInterfaceOrientationLandscapeLeft UIInterfaceOrientationLandscapeRight";
				LD_RUNPATH_SEARCH_PATHS = (
					"$(inherited)",
					"@executable_path/Frameworks",
				);
				MARKETING_VERSION = 1.0;
				PRODUCT_BUNDLE_IDENTIFIER = "com.yourcompany.SwiftUI-Combine-TMDB-API-Example";
				PRODUCT_NAME = "$(TARGET_NAME)";
				SWIFT_EMIT_LOC_STRINGS = YES;
				SWIFT_VERSION = 5.0;
				TARGETED_DEVICE_FAMILY = "1,2";
			};
			name = Release;
		};
/* End XCBuildConfiguration section */

/* Begin XCConfigurationList section */
		319E21252A21C3710010BEFD /* Build configuration list for PBXProject "SwiftUI_Combine_TMDB_API_Example" */ = {
			isa = XCConfigurationList;
			buildConfigurations = (
				319E21362A21C3720010BEFD /* Debug */,
				319E21372A21C3720010BEFD /* Release */,
			);
			defaultConfigurationIsVisible = 0;
			defaultConfigurationName = Release;
		};
		319E21382A21C3720010BEFD /* Build configuration list for PBXNativeTarget "SwiftUI_Combine_TMDB_API_Example" */ = {
			isa = XCConfigurationList;
			buildConfigurations = (
				319E21392A21C3720010BEFD /* Debug */,
				319E213A2A21C3720010BEFD /* Release */,
			);
			defaultConfigurationIsVisible = 0;
			defaultConfigurationName = Release;
		};
/* End XCConfigurationList section */
	};
	rootObject = 319E21222A21C3710010BEFD /* Project object */;
}
